
Microsoft Visual Studio Solution File, Format Version 12.00
# Visual Studio Version 16
VisualStudioVersion = 16.0.30413.136
MinimumVisualStudioVersion = 10.0.40219.1
Project("{FAE04EC0-301F-11D3-BF4B-00C04F79EFBC}") = "QLBH", "QLBH\QLBH.csproj", "{7BF0CA19-43CA-4FFE-A39D-45EBB99C3CCF}"
EndProject
Global
	GlobalSection(SolutionConfigurationPlatforms) = preSolution
		Debug|Any CPU = Debug|Any CPU
		Release|Any CPU = Release|Any CPU
	EndGlobalSection
	GlobalSection(ProjectConfigurationPlatforms) = postSolution
		{7BF0CA19-43CA-4FFE-A39D-45EBB99C3CCF}.Debug|Any CPU.ActiveCfg = Debug|Any CPU
		{7BF0CA19-43CA-4FFE-A39D-45EBB99C3CCF}.Debug|Any CPU.Build.0 = Debug|Any CPU
		{7BF0CA19-43CA-4FFE-A39D-45EBB99C3CCF}.Release|Any CPU.ActiveCfg = Release|Any CPU
		{7BF0CA19-43CA-4FFE-A39D-45EBB99C3CCF}.Release|Any CPU.Build.0 = Release|Any CPU
	EndGlobalSection
	GlobalSection(SolutionProperties) = preSolution
		HideSolutionNode = FALSE
	EndGlobalSection
	GlobalSection(ExtensibilityGlobals) = postSolution
		SolutionGuid = {6E929BB6-F00F-423F-87D6-CE84D277B08A}
	EndGlobalSection
EndGlobal
